# generated by rye
# use `rye lock` or `rye sync` to update this lockfile
#
# last locked with the following flags:
#   pre: false
#   features: []
#   all-features: false
#   with-sources: false
#   generate-hashes: false

-e file:.
certifi==2024.2.2
    # via requests
charset-normalizer==3.3.2
    # via requests
idna==3.7
    # via requests
linkify-it-py==2.0.3
    # via markdown-it-py
markdown-it-py==3.0.0
    # via mdit-py-plugins
    # via rich
    # via textual
mdit-py-plugins==0.4.1
    # via markdown-it-py
mdurl==0.1.2
    # via markdown-it-py
packaging==23.2
    # via py-solc-x
py-solc-x==2.0.3
    # via sneko
pygments==2.18.0
    # via rich
pyperclip==1.8.2
    # via sneko
requests==2.32.2
    # via py-solc-x
rich==13.7.1
    # via textual
textual==0.63.2
    # via sneko
typing-extensions==4.11.0
    # via textual
uc-micro-py==1.0.3
    # via linkify-it-py
urllib3==2.2.1
    # via requests
