# generated by rye
# use `rye lock` or `rye sync` to update this lockfile
#
# last locked with the following flags:
#   pre: false
#   features: []
#   all-features: false
#   with-sources: false
#   generate-hashes: false
#   universal: false

-e file:.
aiohttp==3.9.5
    # via web3
aiosignal==1.3.1
    # via aiohttp
annotated-types==0.7.0
    # via pydantic
astor==0.8.1
    # via tree-sitter-types
asttokens==2.4.1
    # via vyper
async-timeout==4.0.3
    # via aiohttp
attrs==23.2.0
    # via aiohttp
bitarray==2.9.2
    # via eth-account
black==24.8.0
    # via tree-sitter-types
cached-property==1.5.2
    # via py-ecc
    # via py-evm
cbor2==5.6.4
    # via vyper
certifi==2024.2.2
    # via requests
charset-normalizer==3.3.2
    # via requests
ckzg==1.0.2
    # via eth-account
    # via py-evm
click==8.1.7
    # via black
    # via tree-sitter-types
cytoolz==0.12.3
    # via eth-utils
eth-abi==5.1.0
    # via eth-account
    # via eth-tester
    # via web3
eth-account==0.13.0
    # via eth-tester
    # via web3
eth-bloom==3.0.1
    # via py-evm
eth-hash==0.7.0
    # via eth-bloom
    # via eth-utils
    # via trie
    # via web3
eth-keyfile==0.8.1
    # via eth-account
eth-keys==0.5.1
    # via eth-account
    # via eth-keyfile
    # via eth-tester
    # via py-evm
eth-rlp==2.1.0
    # via eth-account
eth-tester==0.12.0b1
    # via sneko
eth-typing==4.4.0
    # via eth-abi
    # via eth-keys
    # via eth-utils
    # via py-ecc
    # via py-evm
    # via web3
eth-utils==4.1.1
    # via eth-abi
    # via eth-account
    # via eth-keyfile
    # via eth-keys
    # via eth-rlp
    # via eth-tester
    # via py-ecc
    # via py-evm
    # via rlp
    # via trie
    # via web3
frozenlist==1.4.1
    # via aiohttp
    # via aiosignal
gitdb==4.0.11
    # via gitpython
gitpython==3.1.43
    # via tree-sitter-types
hexbytes==1.2.1
    # via eth-account
    # via eth-rlp
    # via trie
    # via web3
idna==3.7
    # via requests
    # via yarl
importlib-metadata==8.0.0
    # via vyper
inflection==0.5.1
    # via tree-sitter-types
linkify-it-py==2.0.3
    # via markdown-it-py
lru-dict==1.3.0
    # via py-evm
markdown-it-py==3.0.0
    # via mdit-py-plugins
    # via rich
    # via textual
mdit-py-plugins==0.4.1
    # via markdown-it-py
mdurl==0.1.2
    # via markdown-it-py
multidict==6.0.5
    # via aiohttp
    # via yarl
mypy-extensions==1.0.0
    # via black
packaging==23.2
    # via black
    # via py-solc-x
    # via vyper
parsimonious==0.10.0
    # via eth-abi
pathspec==0.12.1
    # via black
platformdirs==4.3.6
    # via black
    # via textual
py-ecc==7.0.1
    # via py-evm
py-evm==0.10.1b1
    # via sneko
py-solc-x==2.0.3
    # via sneko
pycryptodome==3.20.0
    # via eth-hash
    # via eth-keyfile
    # via vyper
pydantic==2.8.2
    # via eth-account
    # via tree-sitter-types
    # via web3
pydantic-core==2.20.1
    # via pydantic
pygments==2.18.0
    # via rich
pyperclip==1.8.2
    # via sneko
pyunormalize==15.1.0
    # via web3
regex==2024.5.15
    # via parsimonious
requests==2.32.2
    # via py-solc-x
    # via web3
rich==13.7.1
    # via textual
rlp==4.0.1
    # via eth-account
    # via eth-rlp
    # via eth-tester
    # via py-evm
    # via trie
semantic-version==2.10.0
    # via eth-tester
six==1.16.0
    # via asttokens
smmap==5.0.1
    # via gitdb
snekmate==0.1.0
    # via sneko
sortedcontainers==2.4.0
    # via trie
textual==0.83.0
    # via sneko
tomli==2.0.2
    # via black
toolz==0.12.1
    # via cytoolz
    # via tree-sitter-types
tree-sitter==0.20.4
    # via sneko
    # via textual
    # via tree-sitter-languages
    # via tree-sitter-types
tree-sitter-languages==1.10.2
    # via textual
tree-sitter-types==0.0.2
    # via sneko
trie==3.0.1
    # via py-evm
typing-extensions==4.11.0
    # via black
    # via eth-rlp
    # via eth-typing
    # via pydantic
    # via pydantic-core
    # via textual
    # via web3
uc-micro-py==1.0.3
    # via linkify-it-py
urllib3==2.2.1
    # via requests
vyper==0.4.0
    # via sneko
web3==7.0.0b7
    # via sneko
websockets==12.0
    # via web3
wheel==0.43.0
    # via vyper
yarl==1.9.4
    # via aiohttp
zipp==3.19.2
    # via importlib-metadata
